{
  "pins" : [
    {
      "identity" : "apnswift",
      "kind" : "remoteSourceControl",
      "location" : "https://github.com/kylebrowning/APNSwift.git",
      "state" : {
        "revision" : "b53fd38f5611c6b935427febb43d91b15be26c0d",
        "version" : "3.2.0"
      }
    },
    {
      "identity" : "apodini",
      "kind" : "remoteSourceControl",
      "location" : "https://github.com/Apodini/Apodini.git",
      "state" : {
        "revision" : "b77bbbd0e5645fce4cd092cda685be5c1ef8a992",
        "version" : "0.9.2"
      }
    },
    {
      "identity" : "apodinidocumentexport",
      "kind" : "remoteSourceControl",
      "location" : "https://github.com/Apodini/ApodiniDocumentExport.git",
      "state" : {
        "revision" : "08430424c844ab7f425f20d5fab8ff990c057be6",
        "version" : "0.1.2"
      }
    },
    {
      "identity" : "apodinimigrator",
      "kind" : "remoteSourceControl",
      "location" : "https://github.com/Apodini/ApodiniMigrator.git",
      "state" : {
        "revision" : "10671191ddd8a19a61ac6cae06060d259dbfe9ce",
        "version" : "0.3.0"
      }
    },
    {
      "identity" : "apodinitypeinformation",
      "kind" : "remoteSourceControl",
      "location" : "https://github.com/Apodini/ApodiniTypeInformation.git",
      "state" : {
        "revision" : "a5c86293f1fd3585321d38999d8c98176a02b7b0",
        "version" : "0.3.7"
      }
    },
    {
      "identity" : "associatedtyperequirementskit",
      "kind" : "remoteSourceControl",
      "location" : "https://github.com/nerdsupremacist/AssociatedTypeRequirementsKit.git",
      "state" : {
        "revision" : "2e4c49c21ffb2135f1c99fbfcf2119c9d24f5e8c",
        "version" : "0.3.2"
      }
    },
    {
      "identity" : "async-http-client",
      "kind" : "remoteSourceControl",
      "location" : "https://github.com/swift-server/async-http-client.git",
      "state" : {
        "revision" : "864c8d9e0ead5de7ba70b61c8982f89126710863",
        "version" : "1.15.0"
      }
    },
    {
      "identity" : "async-kit",
      "kind" : "remoteSourceControl",
      "location" : "https://github.com/vapor/async-kit.git",
      "state" : {
        "revision" : "9acea4c92f51a5885c149904f0d11db4712dda80",
        "version" : "1.16.0"
      }
    },
    {
      "identity" : "finejson",
      "kind" : "remoteSourceControl",
      "location" : "https://github.com/omochi/FineJSON.git",
      "state" : {
        "revision" : "05101709243cb66d80c92e645210a3b80cf4e17f",
        "version" : "1.14.0"
      }
    },
    {
      "identity" : "fluent-kit",
      "kind" : "remoteSourceControl",
      "location" : "https://github.com/vapor/fluent-kit.git",
      "state" : {
        "revision" : "21d99b0c66cf86867a779bac831d800aac22f5e6",
        "version" : "1.41.0"
      }
    },
    {
      "identity" : "fluent-sqlite-driver",
      "kind" : "remoteSourceControl",
      "location" : "https://github.com/vapor/fluent-sqlite-driver.git",
      "state" : {
        "revision" : "60d01964a8768bde8116a2c66110da080b51e9f6",
        "version" : "4.3.1"
      }
    },
    {
      "identity" : "graphql",
      "kind" : "remoteSourceControl",
      "location" : "https://github.com/GraphQLSwift/GraphQL",
      "state" : {
        "revision" : "7c910f22508b918900c7a91e53638184dc6504d4",
        "version" : "2.5.0"
      }
    },
    {
      "identity" : "grpc-swift",
      "kind" : "remoteSourceControl",
      "location" : "https://github.com/grpc/grpc-swift.git",
      "state" : {
        "revision" : "f09cfb4d36315e2b48dbba1359179abf3cb2e6ac",
        "version" : "1.14.2"
      }
    },
    {
      "identity" : "jmespath.swift",
      "kind" : "remoteSourceControl",
      "location" : "https://github.com/adam-fowler/jmespath.swift.git",
      "state" : {
        "revision" : "4513d319c4aaa6c3b2ac18e1e6566a803515ad91",
        "version" : "1.0.2"
      }
    },
    {
      "identity" : "jwt-kit",
      "kind" : "remoteSourceControl",
      "location" : "https://github.com/vapor/jwt-kit.git",
      "state" : {
        "revision" : "ef12bdfa557cd9d9f0c53396e0a9908f773bcd7b",
        "version" : "4.9.0"
      }
    },
    {
      "identity" : "metadatasystem",
      "kind" : "remoteSourceControl",
      "location" : "https://github.com/Apodini/MetadataSystem.git",
      "state" : {
        "revision" : "761c5dbaa9f53293b1109f81d469370b5f5f61e7",
        "version" : "0.1.7"
      }
    },
    {
      "identity" : "openapikit",
      "kind" : "remoteSourceControl",
      "location" : "https://github.com/mattpolzin/OpenAPIKit.git",
      "state" : {
        "revision" : "c98ceb9884941d9fb5297cff826992a6c6b2a068",
        "version" : "2.5.1"
      }
    },
    {
      "identity" : "opentelemetry-swift",
      "kind" : "remoteSourceControl",
      "location" : "https://github.com/slashmo/opentelemetry-swift.git",
      "state" : {
        "revision" : "6d3cc7c896b4dd426494ea59a5b67c9425b593cc",
        "version" : "0.2.0"
      }
    },
    {
      "identity" : "pathkit",
      "kind" : "remoteSourceControl",
      "location" : "https://github.com/kylef/PathKit.git",
      "state" : {
        "revision" : "3bfd2737b700b9a36565a8c94f4ad2b050a5e574",
        "version" : "1.0.1"
      }
    },
    {
      "identity" : "richjsonparser",
      "kind" : "remoteSourceControl",
      "location" : "https://github.com/omochi/RichJSONParser.git",
      "state" : {
        "revision" : "263e2ecfe88d0500fa99e4cbc8c948529d335534",
        "version" : "3.0.0"
      }
    },
    {
      "identity" : "runtime",
      "kind" : "remoteSourceControl",
      "location" : "https://github.com/wickwirew/Runtime.git",
      "state" : {
        "revision" : "dad03135d7701a4e7b3a4051e75d6b37bd8e178e",
        "version" : "2.2.4"
      }
    },
    {
      "identity" : "soto",
      "kind" : "remoteSourceControl",
      "location" : "https://github.com/soto-project/soto.git",
      "state" : {
        "revision" : "2e68afa0c0c706e46946e633afdc25e41ea0be6f",
        "version" : "5.13.2"
      }
    },
    {
      "identity" : "soto-core",
      "kind" : "remoteSourceControl",
      "location" : "https://github.com/soto-project/soto-core.git",
      "state" : {
        "revision" : "651382662fe6461b10deb3fe298a3501d9d1dc6f",
        "version" : "5.9.4"
      }
    },
    {
      "identity" : "soto-s3-file-transfer",
      "kind" : "remoteSourceControl",
      "location" : "https://github.com/soto-project/soto-s3-file-transfer",
      "state" : {
        "revision" : "74899d6e9b95cfb9543993ece6aa56796cf6ba80",
        "version" : "0.4.2"
      }
    },
    {
      "identity" : "spectre",
      "kind" : "remoteSourceControl",
      "location" : "https://github.com/kylef/Spectre.git",
      "state" : {
        "revision" : "26cc5e9ae0947092c7139ef7ba612e34646086c7",
        "version" : "0.10.1"
      }
    },
    {
      "identity" : "sql-kit",
      "kind" : "remoteSourceControl",
      "location" : "https://github.com/vapor/sql-kit.git",
      "state" : {
        "revision" : "fcc29f543b3de7b661cbe7540805974234cb9740",
        "version" : "3.24.0"
      }
    },
    {
      "identity" : "sqlite-kit",
      "kind" : "remoteSourceControl",
      "location" : "https://github.com/vapor/sqlite-kit.git",
      "state" : {
        "revision" : "76da703f89f1dc92f05da79782ebc44c52f17453",
        "version" : "4.2.1"
      }
    },
    {
      "identity" : "sqlite-nio",
      "kind" : "remoteSourceControl",
      "location" : "https://github.com/vapor/sqlite-nio.git",
      "state" : {
        "revision" : "a22db45a3418a067a61551a9cd0959cc0a7bf3dc",
        "version" : "1.4.3"
      }
    },
    {
      "identity" : "swifcron",
      "kind" : "remoteSourceControl",
      "location" : "https://github.com/MihaelIsaev/SwifCron.git",
      "state" : {
        "revision" : "effe20321342705e66894d86720c5882e2f4095e",
        "version" : "1.3.1"
      }
    },
    {
      "identity" : "swift-algorithms",
      "kind" : "remoteSourceControl",
      "location" : "https://github.com/apple/swift-algorithms",
      "state" : {
        "revision" : "b14b7f4c528c942f121c8b860b9410b2bf57825e",
        "version" : "1.0.0"
      }
    },
    {
      "identity" : "swift-argument-parser",
      "kind" : "remoteSourceControl",
      "location" : "https://github.com/apple/swift-argument-parser",
      "state" : {
        "revision" : "83b23d940471b313427da226196661856f6ba3e0",
        "version" : "0.4.4"
      }
    },
    {
      "identity" : "swift-atomics",
      "kind" : "remoteSourceControl",
      "location" : "https://github.com/apple/swift-atomics.git",
      "state" : {
        "revision" : "ff3d2212b6b093db7f177d0855adbc4ef9c5f036",
        "version" : "1.0.3"
      }
    },
    {
      "identity" : "swift-aws-lambda-runtime",
      "kind" : "remoteSourceControl",
      "location" : "https://github.com/swift-server/swift-aws-lambda-runtime.git",
      "state" : {
        "revision" : "699ada1724459582303c15aae64fa12ca4d33809",
        "version" : "0.5.2"
      }
    },
    {
      "identity" : "swift-backtrace",
      "kind" : "remoteSourceControl",
      "location" : "https://github.com/swift-server/swift-backtrace.git",
      "state" : {
        "revision" : "f25620d5d05e2f1ba27154b40cafea2b67566956",
        "version" : "1.3.3"
      }
    },
    {
      "identity" : "swift-collections",
      "kind" : "remoteSourceControl",
      "location" : "https://github.com/apple/swift-collections",
      "state" : {
        "revision" : "937e904258d22af6e447a0b72c0bc67583ef64a2",
        "version" : "1.0.4"
      }
    },
    {
      "identity" : "swift-crypto",
      "kind" : "remoteSourceControl",
      "location" : "https://github.com/apple/swift-crypto.git",
      "state" : {
        "revision" : "da0fe44138ab86e380f40a2acbd8a611b07d3f64",
        "version" : "2.4.0"
      }
    },
    {
      "identity" : "swift-distributed-tracing",
      "kind" : "remoteSourceControl",
      "location" : "https://github.com/apple/swift-distributed-tracing.git",
      "state" : {
        "revision" : "7a89c904d80fd2dc7c6071806f38d5d0b2d5a1b5",
        "version" : "0.2.0"
      }
    },
    {
      "identity" : "swift-distributed-tracing-baggage",
      "kind" : "remoteSourceControl",
      "location" : "https://github.com/apple/swift-distributed-tracing-baggage.git",
      "state" : {
        "revision" : "c8457ce61adc6a3b9e6223ca147f5196f99e22cc",
        "version" : "0.2.3"
      }
    },
    {
      "identity" : "swift-log",
      "kind" : "remoteSourceControl",
      "location" : "https://github.com/apple/swift-log.git",
      "state" : {
        "revision" : "32e8d724467f8fe623624570367e3d50c5638e46",
        "version" : "1.5.2"
      }
    },
    {
      "identity" : "swift-metrics",
      "kind" : "remoteSourceControl",
      "location" : "https://github.com/apple/swift-metrics.git",
      "state" : {
        "revision" : "3edd2f57afc4e68e23c3e4956bc8b65ca6b5b2ff",
        "version" : "2.2.0"
      }
    },
    {
      "identity" : "swift-metrics-extras",
      "kind" : "remoteSourceControl",
      "location" : "https://github.com/Apodini/swift-metrics-extras.git",
      "state" : {
        "revision" : "a5f54d453519af7f1d6c83d03e045463bb9e659e",
        "version" : "0.1.0"
      }
    },
    {
      "identity" : "swift-nio",
      "kind" : "remoteSourceControl",
      "location" : "https://github.com/apple/swift-nio.git",
      "state" : {
        "revision" : "9b2848d76f5caad08b97e71a04345aa5bdb23a06",
        "version" : "2.49.0"
      }
    },
    {
      "identity" : "swift-nio-extras",
      "kind" : "remoteSourceControl",
      "location" : "https://github.com/apple/swift-nio-extras.git",
      "state" : {
        "revision" : "cc1e5275079380c859417dbea8588531f1a90ec3",
        "version" : "1.18.0"
      }
    },
    {
      "identity" : "swift-nio-http2",
      "kind" : "remoteSourceControl",
      "location" : "https://github.com/apple/swift-nio-http2.git",
      "state" : {
        "revision" : "38feec96bcd929028939107684073554bf01abeb",
        "version" : "1.25.2"
      }
    },
    {
      "identity" : "swift-nio-ssl",
      "kind" : "remoteSourceControl",
      "location" : "https://github.com/apple/swift-nio-ssl.git",
      "state" : {
        "revision" : "4fb7ead803e38949eb1d6fabb849206a72c580f3",
        "version" : "2.23.0"
      }
    },
    {
      "identity" : "swift-nio-transport-services",
      "kind" : "remoteSourceControl",
      "location" : "https://github.com/apple/swift-nio-transport-services.git",
      "state" : {
        "revision" : "c0d9a144cfaec8d3d596aadde3039286a266c15c",
        "version" : "1.15.0"
      }
    },
    {
      "identity" : "swift-numerics",
      "kind" : "remoteSourceControl",
      "location" : "https://github.com/apple/swift-numerics",
      "state" : {
        "revision" : "0a5bc04095a675662cf24757cc0640aa2204253b",
        "version" : "1.0.2"
      }
    },
    {
      "identity" : "swift-protobuf",
      "kind" : "remoteSourceControl",
      "location" : "https://github.com/apple/swift-protobuf.git",
      "state" : {
        "revision" : "0af9125c4eae12a4973fb66574c53a54962a9e1e",
        "version" : "1.21.0"
      }
    },
    {
      "identity" : "websocket-kit",
      "kind" : "remoteSourceControl",
      "location" : "https://github.com/vapor/websocket-kit.git",
      "state" : {
        "revision" : "2b8885974e8d9f522e787805000553f4f7cce8a0",
        "version" : "2.7.0"
      }
    },
    {
      "identity" : "xctassertcrash",
      "kind" : "remoteSourceControl",
      "location" : "https://github.com/norio-nomura/XCTAssertCrash.git",
      "state" : {
        "revision" : "880c5241254da53f32caf77248ee3d25cb2a9630",
        "version" : "0.2.0"
      }
    },
    {
      "identity" : "yams",
      "kind" : "remoteSourceControl",
      "location" : "https://github.com/jpsim/Yams.git",
      "state" : {
        "revision" : "9ff1cc9327586db4e0c8f46f064b6a82ec1566fa",
        "version" : "4.0.6"
      }
    }
  ],
  "version" : 2
}
